
Microsoft Visual Studio Solution File, Format Version 12.00
# Visual Studio Version 17
VisualStudioVersion = 17.8.34330.188
MinimumVisualStudioVersion = 10.0.40219.1
Project("{FAE04EC0-301F-11D3-BF4B-00C04F79EFBC}") = "SignalR.Web", "SignalR.Web\SignalR.Web.csproj", "{52344826-7C06-4B74-A92C-E74100B666F4}"
EndProject
Global
	GlobalSection(SolutionConfigurationPlatforms) = preSolution
		Debug|Any CPU = Debug|Any CPU
		Release|Any CPU = Release|Any CPU
	EndGlobalSection
	GlobalSection(ProjectConfigurationPlatforms) = postSolution
		{52344826-7C06-4B74-A92C-E74100B666F4}.Debug|Any CPU.ActiveCfg = Debug|Any CPU
		{52344826-7C06-4B74-A92C-E74100B666F4}.Debug|Any CPU.Build.0 = Debug|Any CPU
		{52344826-7C06-4B74-A92C-E74100B666F4}.Release|Any CPU.ActiveCfg = Release|Any CPU
		{52344826-7C06-4B74-A92C-E74100B666F4}.Release|Any CPU.Build.0 = Release|Any CPU
	EndGlobalSection
	GlobalSection(SolutionProperties) = preSolution
		HideSolutionNode = FALSE
	EndGlobalSection
	GlobalSection(ExtensibilityGlobals) = postSolution
		SolutionGuid = {44B394AF-064E-4600-BBA4-841C7E65E96F}
	EndGlobalSection
EndGlobal
